{
  "name": "ai-weather-app",
  "version": "1.0.0",
  "lockfileVersion": 3,
  "requires": true,
  "packages": {
    "": {
      "name": "ai-weather-app",
      "version": "1.0.0",
      "license": "MIT",
      "dependencies": {
        "@hono/node-server": "1.12.0",
        "hono": "4.5.3",
        "marked": "^13.0.3"
      }
    },
    "node_modules/@hono/node-server": {
      "version": "1.12.0",
      "resolved": "https://registry.npmjs.org/@hono/node-server/-/node-server-1.12.0.tgz",
      "integrity": "sha512-e6oHjNiErRxsZRZBmc2KucuvY3btlO/XPncIpP2X75bRdTilF9GLjm3NHvKKunpJbbJJj31/FoPTksTf8djAVw==",
      "engines": {
        "node": ">=18.14.1"
      }
    },
    "node_modules/hono": {
      "version": "4.5.3",
      "resolved": "https://registry.npmjs.org/hono/-/hono-4.5.3.tgz",
      "integrity": "sha512-r26WwwbKD3BAYdfB294knNnegNda7VfV1tVn66D9Kvl9WQTdrR+5eKdoeaQNHQcC3Gr0KBikzAtjd6VsRGVSaw==",
      "engines": {
        "node": ">=16.0.0"
      }
    },
    "node_modules/marked": {
      "version": "13.0.3",
      "resolved": "https://registry.npmjs.org/marked/-/marked-13.0.3.tgz",
      "integrity": "sha512-rqRix3/TWzE9rIoFGIn8JmsVfhiuC8VIQ8IdX5TfzmeBucdY05/0UlzKaw0eVtpcN/OdVFpBk7CjKGo9iHJ/zA==",
      "bin": {
        "marked": "bin/marked.js"
      },
      "engines": {
        "node": ">= 18"
      }
    }
  }
}
